
Microsoft Visual Studio Solution File, Format Version 12.00
# Visual Studio Version 17
VisualStudioVersion = 17.0.31903.59
MinimumVisualStudioVersion = 10.0.40219.1
Project("{FAE04EC0-301F-11D3-BF4B-00C04F79EFBC}") = "AcquireServerTests", "AcquireServerTests\AcquireServerTests.csproj", "{F45C39CC-56DD-430B-88B2-7A4408E9861B}"
EndProject
Project("{FAE04EC0-301F-11D3-BF4B-00C04F79EFBC}") = "AcquireServer", "AcquireServer\AcquireServer.csproj", "{E82941FD-8E9F-4643-BFCD-B4A68B49F609}"
EndProject
Project("{FAE04EC0-301F-11D3-BF4B-00C04F79EFBC}") = "Driver", "Driver\Driver.csproj", "{FFEA9E2B-E612-4FB7-890B-AE6E6BBD5DAD}"
EndProject
Project("{FAE04EC0-301F-11D3-BF4B-00C04F79EFBC}") = "DataModel", "DataModel\DataModel.csproj", "{6727468D-C71B-4FF6-870E-3F3495476BD0}"
EndProject
Project("{FAE04EC0-301F-11D3-BF4B-00C04F79EFBC}") = "Display", "Display\Display.csproj", "{70620A5A-5C75-4595-9B99-751E8C20D5CB}"
EndProject
Project("{FAE04EC0-301F-11D3-BF4B-00C04F79EFBC}") = "Display.Desktop", "Display.Desktop\Display.Desktop.csproj", "{C09785D1-9A78-4CF9-A7EE-7FDE3AB83B46}"
EndProject
Project("{FAE04EC0-301F-11D3-BF4B-00C04F79EFBC}") = "Display.Browser", "Display.Browser\Display.Browser.csproj", "{47834833-D9DB-4151-9775-44B59207597B}"
EndProject
Project("{FAE04EC0-301F-11D3-BF4B-00C04F79EFBC}") = "Display.FrameBuffer", "Display.FrameBuffer\Display.FrameBuffer.csproj", "{5A8C3A7C-5FD6-4E0F-B03F-4DB3C624A372}"
EndProject
Global
	GlobalSection(SolutionConfigurationPlatforms) = preSolution
		Debug|Any CPU = Debug|Any CPU
		Release|Any CPU = Release|Any CPU
	EndGlobalSection
	GlobalSection(SolutionProperties) = preSolution
		HideSolutionNode = FALSE
	EndGlobalSection
	GlobalSection(ProjectConfigurationPlatforms) = postSolution
		{F45C39CC-56DD-430B-88B2-7A4408E9861B}.Debug|Any CPU.ActiveCfg = Debug|Any CPU
		{F45C39CC-56DD-430B-88B2-7A4408E9861B}.Debug|Any CPU.Build.0 = Debug|Any CPU
		{F45C39CC-56DD-430B-88B2-7A4408E9861B}.Release|Any CPU.ActiveCfg = Release|Any CPU
		{F45C39CC-56DD-430B-88B2-7A4408E9861B}.Release|Any CPU.Build.0 = Release|Any CPU
		{E82941FD-8E9F-4643-BFCD-B4A68B49F609}.Debug|Any CPU.ActiveCfg = Debug|Any CPU
		{E82941FD-8E9F-4643-BFCD-B4A68B49F609}.Debug|Any CPU.Build.0 = Debug|Any CPU
		{E82941FD-8E9F-4643-BFCD-B4A68B49F609}.Release|Any CPU.ActiveCfg = Release|Any CPU
		{E82941FD-8E9F-4643-BFCD-B4A68B49F609}.Release|Any CPU.Build.0 = Release|Any CPU
		{FFEA9E2B-E612-4FB7-890B-AE6E6BBD5DAD}.Debug|Any CPU.ActiveCfg = Debug|Any CPU
		{FFEA9E2B-E612-4FB7-890B-AE6E6BBD5DAD}.Debug|Any CPU.Build.0 = Debug|Any CPU
		{FFEA9E2B-E612-4FB7-890B-AE6E6BBD5DAD}.Release|Any CPU.ActiveCfg = Release|Any CPU
		{FFEA9E2B-E612-4FB7-890B-AE6E6BBD5DAD}.Release|Any CPU.Build.0 = Release|Any CPU
		{6727468D-C71B-4FF6-870E-3F3495476BD0}.Debug|Any CPU.ActiveCfg = Debug|Any CPU
		{6727468D-C71B-4FF6-870E-3F3495476BD0}.Debug|Any CPU.Build.0 = Debug|Any CPU
		{6727468D-C71B-4FF6-870E-3F3495476BD0}.Release|Any CPU.ActiveCfg = Release|Any CPU
		{6727468D-C71B-4FF6-870E-3F3495476BD0}.Release|Any CPU.Build.0 = Release|Any CPU
		{70620A5A-5C75-4595-9B99-751E8C20D5CB}.Debug|Any CPU.ActiveCfg = Debug|Any CPU
		{70620A5A-5C75-4595-9B99-751E8C20D5CB}.Debug|Any CPU.Build.0 = Debug|Any CPU
		{70620A5A-5C75-4595-9B99-751E8C20D5CB}.Release|Any CPU.ActiveCfg = Release|Any CPU
		{70620A5A-5C75-4595-9B99-751E8C20D5CB}.Release|Any CPU.Build.0 = Release|Any CPU
		{C09785D1-9A78-4CF9-A7EE-7FDE3AB83B46}.Debug|Any CPU.ActiveCfg = Debug|Any CPU
		{C09785D1-9A78-4CF9-A7EE-7FDE3AB83B46}.Debug|Any CPU.Build.0 = Debug|Any CPU
		{C09785D1-9A78-4CF9-A7EE-7FDE3AB83B46}.Release|Any CPU.ActiveCfg = Release|Any CPU
		{C09785D1-9A78-4CF9-A7EE-7FDE3AB83B46}.Release|Any CPU.Build.0 = Release|Any CPU
		{47834833-D9DB-4151-9775-44B59207597B}.Debug|Any CPU.ActiveCfg = Debug|Any CPU
		{47834833-D9DB-4151-9775-44B59207597B}.Debug|Any CPU.Build.0 = Debug|Any CPU
		{47834833-D9DB-4151-9775-44B59207597B}.Release|Any CPU.ActiveCfg = Release|Any CPU
		{47834833-D9DB-4151-9775-44B59207597B}.Release|Any CPU.Build.0 = Release|Any CPU
		{5A8C3A7C-5FD6-4E0F-B03F-4DB3C624A372}.Debug|Any CPU.ActiveCfg = Debug|Any CPU
		{5A8C3A7C-5FD6-4E0F-B03F-4DB3C624A372}.Debug|Any CPU.Build.0 = Debug|Any CPU
		{5A8C3A7C-5FD6-4E0F-B03F-4DB3C624A372}.Release|Any CPU.ActiveCfg = Release|Any CPU
		{5A8C3A7C-5FD6-4E0F-B03F-4DB3C624A372}.Release|Any CPU.Build.0 = Release|Any CPU
	EndGlobalSection
EndGlobal
